{
    "_readme": [
        "This file locks the dependencies of your project to a known state",
        "Read more about it at https://getcomposer.org/doc/01-basic-usage.md#installing-dependencies",
        "This file is @generated automatically"
    ],
    "content-hash": "d8867c080dc04a0ae894f43ef3521cca",
    "packages": [
        {
            "name": "mpdf/qrcode",
            "version": "v1.1.0",
            "source": {
                "type": "git",
                "url": "https://github.com/mpdf/qrcode.git",
                "reference": "bfc8215c6fbb6320217d0980cecdfc85b0f98f27"
            },
            "dist": {
                "type": "zip",
                "url": "https://api.github.com/repos/mpdf/qrcode/zipball/bfc8215c6fbb6320217d0980cecdfc85b0f98f27",
                "reference": "bfc8215c6fbb6320217d0980cecdfc85b0f98f27",
                "shasum": ""
            },
            "require": {
                "paragonie/random_compat": "^1.4|^2.0|9.99.99",
                "php": "^5.6 || ^7.0 || ^8.0"
            },
            "require-dev": {
                "mockery/mockery": "^0.9.5",
                "phpunit/phpunit": "^5.0",
                "squizlabs/php_codesniffer": "^3.4",
                "tracy/tracy": "^2.5"
            },
            "suggest": {
                "ext-gd": "To output QR codes to PNG files"
            },
            "type": "library",
            "autoload": {
                "psr-4": {
                    "Mpdf\\QrCode\\": "src/"
                }
            },
            "notification-url": "https://packagist.org/downloads/",
            "license": [
                "LGPL-2.1-or-later"
            ],
            "authors": [
                {
                    "name": "Matěj Humpál",
                    "role": "maintainer"
                },
                {
                    "name": "Laurent Minguet",
                    "role": "author"
                }
            ],
            "description": "QR code generator for mPDF",
            "keywords": [
                "mpdf",
                "pdf",
                "php",
                "qr",
                "qrcode"
            ],
            "time": "2020-11-27T20:31:03+00:00"
        },
        {
            "name": "paragonie/random_compat",
            "version": "v9.99.99",
            "source": {
                "type": "git",
                "url": "https://github.com/paragonie/random_compat.git",
                "reference": "84b4dfb120c6f9b4ff7b3685f9b8f1aa365a0c95"
            },
            "dist": {
                "type": "zip",
                "url": "https://api.github.com/repos/paragonie/random_compat/zipball/84b4dfb120c6f9b4ff7b3685f9b8f1aa365a0c95",
                "reference": "84b4dfb120c6f9b4ff7b3685f9b8f1aa365a0c95",
                "shasum": ""
            },
            "require": {
                "php": "^7"
            },
            "require-dev": {
                "phpunit/phpunit": "4.*|5.*",
                "vimeo/psalm": "^1"
            },
            "suggest": {
                "ext-libsodium": "Provides a modern crypto API that can be used to generate random bytes."
            },
            "type": "library",
            "notification-url": "https://packagist.org/downloads/",
            "license": [
                "MIT"
            ],
            "authors": [
                {
                    "name": "Paragon Initiative Enterprises",
                    "email": "security@paragonie.com",
                    "homepage": "https://paragonie.com"
                }
            ],
            "description": "PHP 5.x polyfill for random_bytes() and random_int() from PHP 7",
            "keywords": [
                "csprng",
                "polyfill",
                "pseudorandom",
                "random"
            ],
            "time": "2018-07-02T15:55:56+00:00"
        }
    ],
    "packages-dev": [],
    "aliases": [],
    "minimum-stability": "stable",
    "stability-flags": [],
    "prefer-stable": false,
    "prefer-lowest": false,
    "platform": [],
    "platform-dev": [],
    "plugin-api-version": "1.1.0"
}
